// !$*UTF8*$!
{
	archiveVersion = 1;
	classes = {
	};
	objectVersion = 46;
	objects = {

/* Begin PBXBuildFile section */
		579693991C3FC4A70082A5F9 /* main.mm in Sources */ = {isa = PBXBuildFile; fileRef = 579693981C3FC4A70082A5F9 /* main.mm */; };
/* End PBXBuildFile section */

/* Begin PBXCopyFilesBuildPhase section */
		579693931C3FC4A70082A5F9 /* CopyFiles */ = {
			isa = PBXCopyFilesBuildPhase;
			buildActionMask = 2147483647;
			dstPath = /usr/share/man/man1/;
			dstSubfolderSpec = 0;
			files = (
			);
			runOnlyForDeploymentPostprocessing = 1;
		};
/* End PBXCopyFilesBuildPhase section */

/* Begin PBXFileReference section */
		570D6E911C4002C3002F19E3 /* objcrtxx_list.h */ = {isa = PBXFileReference; fileEncoding = 4; lastKnownFileType = sourcecode.c.h; path = objcrtxx_list.h; sourceTree = "<group>"; };
		570D6E921C4002C3002F19E3 /* objcrtxx_forwards.h */ = {isa = PBXFileReference; fileEncoding = 4; lastKnownFileType = sourcecode.c.h; path = objcrtxx_forwards.h; sourceTree = "<group>"; };
		570D6E931C4002C3002F19E3 /* objcrtxx.h */ = {isa = PBXFileReference; fileEncoding = 4; lastKnownFileType = sourcecode.c.h; path = objcrtxx.h; sourceTree = "<group>"; };
		570D6E941C4002C3002F19E3 /* objcrtxx_defs.h */ = {isa = PBXFileReference; fileEncoding = 4; lastKnownFileType = sourcecode.c.h; path = objcrtxx_defs.h; sourceTree = "<group>"; };
		570D6E951C4002C3002F19E3 /* objcrtxx_sel_impl.h */ = {isa = PBXFileReference; fileEncoding = 4; lastKnownFileType = sourcecode.c.h; path = objcrtxx_sel_impl.h; sourceTree = "<group>"; };
		570D6E961C4002C3002F19E3 /* objcrtxx_category_impl.h */ = {isa = PBXFileReference; fileEncoding = 4; lastKnownFileType = sourcecode.c.h; path = objcrtxx_category_impl.h; sourceTree = "<group>"; };
		570D6E971C4002C3002F19E3 /* objcrtxx_class_impl.h */ = {isa = PBXFileReference; fileEncoding = 4; lastKnownFileType = sourcecode.c.h; path = objcrtxx_class_impl.h; sourceTree = "<group>"; };
		570D6E981C4002C3002F19E3 /* objcrtxx_imp_impl.h */ = {isa = PBXFileReference; fileEncoding = 4; lastKnownFileType = sourcecode.c.h; path = objcrtxx_imp_impl.h; sourceTree = "<group>"; };
		570D6E991C4002C3002F19E3 /* objcrtxx_ivar_impl.h */ = {isa = PBXFileReference; fileEncoding = 4; lastKnownFileType = sourcecode.c.h; path = objcrtxx_ivar_impl.h; sourceTree = "<group>"; };
		570D6E9A1C4002C3002F19E3 /* objcrtxx_method_impl.h */ = {isa = PBXFileReference; fileEncoding = 4; lastKnownFileType = sourcecode.c.h; path = objcrtxx_method_impl.h; sourceTree = "<group>"; };
		570D6E9B1C4002C3002F19E3 /* objcrtxx_property_impl.h */ = {isa = PBXFileReference; fileEncoding = 4; lastKnownFileType = sourcecode.c.h; path = objcrtxx_property_impl.h; sourceTree = "<group>"; };
		570D6E9C1C4002C3002F19E3 /* objcrtxx_protocol_impl.h */ = {isa = PBXFileReference; fileEncoding = 4; lastKnownFileType = sourcecode.c.h; path = objcrtxx_protocol_impl.h; sourceTree = "<group>"; };
		570D6E9D1C4002C3002F19E3 /* objcrtxx_ivar.h */ = {isa = PBXFileReference; fileEncoding = 4; lastKnownFileType = sourcecode.c.h; path = objcrtxx_ivar.h; sourceTree = "<group>"; };
		570D6E9E1C4002C3002F19E3 /* objcrtxx_property.h */ = {isa = PBXFileReference; fileEncoding = 4; lastKnownFileType = sourcecode.c.h; path = objcrtxx_property.h; sourceTree = "<group>"; };
		570D6E9F1C4002C3002F19E3 /* objcrtxx_category.h */ = {isa = PBXFileReference; fileEncoding = 4; lastKnownFileType = sourcecode.c.h; path = objcrtxx_category.h; sourceTree = "<group>"; };
		570D6EA01C4002C3002F19E3 /* objcrtxx_protocol.h */ = {isa = PBXFileReference; fileEncoding = 4; lastKnownFileType = sourcecode.c.h; path = objcrtxx_protocol.h; sourceTree = "<group>"; };
		570D6EA11C4002C3002F19E3 /* objcrtxx_method.h */ = {isa = PBXFileReference; fileEncoding = 4; lastKnownFileType = sourcecode.c.h; path = objcrtxx_method.h; sourceTree = "<group>"; };
		570D6EA21C4002C3002F19E3 /* objcrtxx_class.h */ = {isa = PBXFileReference; fileEncoding = 4; lastKnownFileType = sourcecode.c.h; path = objcrtxx_class.h; sourceTree = "<group>"; };
		570D6EA31C4002C3002F19E3 /* objcrtxx_imp.h */ = {isa = PBXFileReference; fileEncoding = 4; lastKnownFileType = sourcecode.c.h; path = objcrtxx_imp.h; sourceTree = "<group>"; };
		570D6EA41C4002C3002F19E3 /* objcrtxx_sel.h */ = {isa = PBXFileReference; fileEncoding = 4; lastKnownFileType = sourcecode.c.h; path = objcrtxx_sel.h; sourceTree = "<group>"; };
		570D6EA61C4004AC002F19E3 /* objcrtxx_list_impl.h */ = {isa = PBXFileReference; fileEncoding = 4; lastKnownFileType = sourcecode.c.h; path = objcrtxx_list_impl.h; sourceTree = "<group>"; };
		570D6EA71C4005AA002F19E3 /* objcrtxx_defs_cleanup.h */ = {isa = PBXFileReference; fileEncoding = 4; lastKnownFileType = sourcecode.c.h; path = objcrtxx_defs_cleanup.h; sourceTree = "<group>"; };
		578D4BF01C4444BB00356D39 /* objcrtxx_msgsend.h */ = {isa = PBXFileReference; fileEncoding = 4; lastKnownFileType = sourcecode.c.h; path = objcrtxx_msgsend.h; sourceTree = "<group>"; };
		579693951C3FC4A70082A5F9 /* ObjCxxRuntime */ = {isa = PBXFileReference; explicitFileType = "compiled.mach-o.executable"; includeInIndex = 0; path = ObjCxxRuntime; sourceTree = BUILT_PRODUCTS_DIR; };
		579693981C3FC4A70082A5F9 /* main.mm */ = {isa = PBXFileReference; lastKnownFileType = sourcecode.cpp.objcpp; path = main.mm; sourceTree = "<group>"; };
/* End PBXFileReference section */

/* Begin PBXFrameworksBuildPhase section */
		579693921C3FC4A70082A5F9 /* Frameworks */ = {
			isa = PBXFrameworksBuildPhase;
			buildActionMask = 2147483647;
			files = (
			);
			runOnlyForDeploymentPostprocessing = 0;
		};
/* End PBXFrameworksBuildPhase section */

/* Begin PBXGroup section */
		570D6EA51C4002C8002F19E3 /* objcrtxx */ = {
			isa = PBXGroup;
			children = (
				578D4BF11C4469F800356D39 /* interface */,
				578D4BF21C446A0100356D39 /* impl */,
				570D6EA71C4005AA002F19E3 /* objcrtxx_defs_cleanup.h */,
				570D6E941C4002C3002F19E3 /* objcrtxx_defs.h */,
				570D6E921C4002C3002F19E3 /* objcrtxx_forwards.h */,
				578D4BF01C4444BB00356D39 /* objcrtxx_msgsend.h */,
				570D6E931C4002C3002F19E3 /* objcrtxx.h */,
			);
			name = objcrtxx;
			sourceTree = "<group>";
		};
		578D4BF11C4469F800356D39 /* interface */ = {
			isa = PBXGroup;
			children = (
				570D6E9F1C4002C3002F19E3 /* objcrtxx_category.h */,
				570D6EA21C4002C3002F19E3 /* objcrtxx_class.h */,
				570D6EA31C4002C3002F19E3 /* objcrtxx_imp.h */,
				570D6E9D1C4002C3002F19E3 /* objcrtxx_ivar.h */,
				570D6E911C4002C3002F19E3 /* objcrtxx_list.h */,
				570D6EA11C4002C3002F19E3 /* objcrtxx_method.h */,
				570D6E9E1C4002C3002F19E3 /* objcrtxx_property.h */,
				570D6EA01C4002C3002F19E3 /* objcrtxx_protocol.h */,
				570D6EA41C4002C3002F19E3 /* objcrtxx_sel.h */,
			);
			name = interface;
			sourceTree = "<group>";
		};
		578D4BF21C446A0100356D39 /* impl */ = {
			isa = PBXGroup;
			children = (
				570D6E961C4002C3002F19E3 /* objcrtxx_category_impl.h */,
				570D6E971C4002C3002F19E3 /* objcrtxx_class_impl.h */,
				570D6E981C4002C3002F19E3 /* objcrtxx_imp_impl.h */,
				570D6E991C4002C3002F19E3 /* objcrtxx_ivar_impl.h */,
				570D6EA61C4004AC002F19E3 /* objcrtxx_list_impl.h */,
				570D6E9A1C4002C3002F19E3 /* objcrtxx_method_impl.h */,
				570D6E9B1C4002C3002F19E3 /* objcrtxx_property_impl.h */,
				570D6E9C1C4002C3002F19E3 /* objcrtxx_protocol_impl.h */,
				570D6E951C4002C3002F19E3 /* objcrtxx_sel_impl.h */,
			);
			name = impl;
			sourceTree = "<group>";
		};
		5796938C1C3FC4A70082A5F9 = {
			isa = PBXGroup;
			children = (
				579693971C3FC4A70082A5F9 /* ObjCxxRuntime */,
				579693961C3FC4A70082A5F9 /* Products */,
			);
			sourceTree = "<group>";
		};
		579693961C3FC4A70082A5F9 /* Products */ = {
			isa = PBXGroup;
			children = (
				579693951C3FC4A70082A5F9 /* ObjCxxRuntime */,
			);
			name = Products;
			sourceTree = "<group>";
		};
		579693971C3FC4A70082A5F9 /* ObjCxxRuntime */ = {
			isa = PBXGroup;
			children = (
				570D6EA51C4002C8002F19E3 /* objcrtxx */,
				579693981C3FC4A70082A5F9 /* main.mm */,
			);
			path = ObjCxxRuntime;
			sourceTree = "<group>";
		};
/* End PBXGroup section */

/* Begin PBXNativeTarget section */
		579693941C3FC4A70082A5F9 /* ObjCxxRuntime */ = {
			isa = PBXNativeTarget;
			buildConfigurationList = 5796939C1C3FC4A70082A5F9 /* Build configuration list for PBXNativeTarget "ObjCxxRuntime" */;
			buildPhases = (
				579693911C3FC4A70082A5F9 /* Sources */,
				579693921C3FC4A70082A5F9 /* Frameworks */,
				579693931C3FC4A70082A5F9 /* CopyFiles */,
			);
			buildRules = (
			);
			dependencies = (
			);
			name = ObjCxxRuntime;
			productName = ObjCxxRuntime;
			productReference = 579693951C3FC4A70082A5F9 /* ObjCxxRuntime */;
			productType = "com.apple.product-type.tool";
		};
/* End PBXNativeTarget section */

/* Begin PBXProject section */
		5796938D1C3FC4A70082A5F9 /* Project object */ = {
			isa = PBXProject;
			attributes = {
				LastUpgradeCheck = 0720;
				ORGANIZATIONNAME = address.wtf;
				TargetAttributes = {
					579693941C3FC4A70082A5F9 = {
						CreatedOnToolsVersion = 7.2;
					};
				};
			};
			buildConfigurationList = 579693901C3FC4A70082A5F9 /* Build configuration list for PBXProject "ObjCxxRuntime" */;
			compatibilityVersion = "Xcode 3.2";
			developmentRegion = English;
			hasScannedForEncodings = 0;
			knownRegions = (
				en,
			);
			mainGroup = 5796938C1C3FC4A70082A5F9;
			productRefGroup = 579693961C3FC4A70082A5F9 /* Products */;
			projectDirPath = "";
			projectRoot = "";
			targets = (
				579693941C3FC4A70082A5F9 /* ObjCxxRuntime */,
			);
		};
/* End PBXProject section */

/* Begin PBXSourcesBuildPhase section */
		579693911C3FC4A70082A5F9 /* Sources */ = {
			isa = PBXSourcesBuildPhase;
			buildActionMask = 2147483647;
			files = (
				579693991C3FC4A70082A5F9 /* main.mm in Sources */,
			);
			runOnlyForDeploymentPostprocessing = 0;
		};
/* End PBXSourcesBuildPhase section */

/* Begin XCBuildConfiguration section */
		5796939A1C3FC4A70082A5F9 /* Debug */ = {
			isa = XCBuildConfiguration;
			buildSettings = {
				ALWAYS_SEARCH_USER_PATHS = NO;
				CLANG_CXX_LANGUAGE_STANDARD = "gnu++0x";
				CLANG_CXX_LIBRARY = "libc++";
				CLANG_ENABLE_MODULES = YES;
				CLANG_ENABLE_OBJC_ARC = YES;
				CLANG_WARN_BOOL_CONVERSION = YES;
				CLANG_WARN_CONSTANT_CONVERSION = YES;
				CLANG_WARN_DIRECT_OBJC_ISA_USAGE = YES_ERROR;
				CLANG_WARN_EMPTY_BODY = YES;
				CLANG_WARN_ENUM_CONVERSION = YES;
				CLANG_WARN_INT_CONVERSION = YES;
				CLANG_WARN_OBJC_ROOT_CLASS = YES_ERROR;
				CLANG_WARN_UNREACHABLE_CODE = YES;
				CLANG_WARN__DUPLICATE_METHOD_MATCH = YES;
				CODE_SIGN_IDENTITY = "-";
				COPY_PHASE_STRIP = NO;
				DEBUG_INFORMATION_FORMAT = dwarf;
				ENABLE_STRICT_OBJC_MSGSEND = YES;
				ENABLE_TESTABILITY = YES;
				GCC_C_LANGUAGE_STANDARD = gnu99;
				GCC_DYNAMIC_NO_PIC = NO;
				GCC_NO_COMMON_BLOCKS = YES;
				GCC_OPTIMIZATION_LEVEL = 0;
				GCC_PREPROCESSOR_DEFINITIONS = (
					"DEBUG=1",
					"$(inherited)",
				);
				GCC_WARN_64_TO_32_BIT_CONVERSION = YES;
				GCC_WARN_ABOUT_RETURN_TYPE = YES_ERROR;
				GCC_WARN_UNDECLARED_SELECTOR = YES;
				GCC_WARN_UNINITIALIZED_AUTOS = YES_AGGRESSIVE;
				GCC_WARN_UNUSED_FUNCTION = YES;
				GCC_WARN_UNUSED_VARIABLE = YES;
				MACOSX_DEPLOYMENT_TARGET = 10.11;
				MTL_ENABLE_DEBUG_INFO = YES;
				ONLY_ACTIVE_ARCH = YES;
				SDKROOT = macosx;
			};
			name = Debug;
		};
		5796939B1C3FC4A70082A5F9 /* Release */ = {
			isa = XCBuildConfiguration;
			buildSettings = {
				ALWAYS_SEARCH_USER_PATHS = NO;
				CLANG_CXX_LANGUAGE_STANDARD = "gnu++0x";
				CLANG_CXX_LIBRARY = "libc++";
				CLANG_ENABLE_MODULES = YES;
				CLANG_ENABLE_OBJC_ARC = YES;
				CLANG_WARN_BOOL_CONVERSION = YES;
				CLANG_WARN_CONSTANT_CONVERSION = YES;
				CLANG_WARN_DIRECT_OBJC_ISA_USAGE = YES_ERROR;
				CLANG_WARN_EMPTY_BODY = YES;
				CLANG_WARN_ENUM_CONVERSION = YES;
				CLANG_WARN_INT_CONVERSION = YES;
				CLANG_WARN_OBJC_ROOT_CLASS = YES_ERROR;
				CLANG_WARN_UNREACHABLE_CODE = YES;
				CLANG_WARN__DUPLICATE_METHOD_MATCH = YES;
				CODE_SIGN_IDENTITY = "-";
				COPY_PHASE_STRIP = NO;
				DEBUG_INFORMATION_FORMAT = "dwarf-with-dsym";
				ENABLE_NS_ASSERTIONS = NO;
				ENABLE_STRICT_OBJC_MSGSEND = YES;
				GCC_C_LANGUAGE_STANDARD = gnu99;
				GCC_NO_COMMON_BLOCKS = YES;
				GCC_WARN_64_TO_32_BIT_CONVERSION = YES;
				GCC_WARN_ABOUT_RETURN_TYPE = YES_ERROR;
				GCC_WARN_UNDECLARED_SELECTOR = YES;
				GCC_WARN_UNINITIALIZED_AUTOS = YES_AGGRESSIVE;
				GCC_WARN_UNUSED_FUNCTION = YES;
				GCC_WARN_UNUSED_VARIABLE = YES;
				MACOSX_DEPLOYMENT_TARGET = 10.11;
				MTL_ENABLE_DEBUG_INFO = NO;
				SDKROOT = macosx;
			};
			name = Release;
		};
		5796939D1C3FC4A70082A5F9 /* Debug */ = {
			isa = XCBuildConfiguration;
			buildSettings = {
				PRODUCT_NAME = "$(TARGET_NAME)";
			};
			name = Debug;
		};
		5796939E1C3FC4A70082A5F9 /* Release */ = {
			isa = XCBuildConfiguration;
			buildSettings = {
				PRODUCT_NAME = "$(TARGET_NAME)";
			};
			name = Release;
		};
/* End XCBuildConfiguration section */

/* Begin XCConfigurationList section */
		579693901C3FC4A70082A5F9 /* Build configuration list for PBXProject "ObjCxxRuntime" */ = {
			isa = XCConfigurationList;
			buildConfigurations = (
				5796939A1C3FC4A70082A5F9 /* Debug */,
				5796939B1C3FC4A70082A5F9 /* Release */,
			);
			defaultConfigurationIsVisible = 0;
			defaultConfigurationName = Release;
		};
		5796939C1C3FC4A70082A5F9 /* Build configuration list for PBXNativeTarget "ObjCxxRuntime" */ = {
			isa = XCConfigurationList;
			buildConfigurations = (
				5796939D1C3FC4A70082A5F9 /* Debug */,
				5796939E1C3FC4A70082A5F9 /* Release */,
			);
			defaultConfigurationIsVisible = 0;
			defaultConfigurationName = Release;
		};
/* End XCConfigurationList section */
	};
	rootObject = 5796938D1C3FC4A70082A5F9 /* Project object */;
}
